
Microsoft Visual Studio Solution File, Format Version 12.00
# Visual Studio 2013
VisualStudioVersion = 12.0.31101.0
MinimumVisualStudioVersion = 10.0.40219.1
Project("{FAE04EC0-301F-11D3-BF4B-00C04F79EFBC}") = "Problem 01. NNestedLoops", "Problem 01. NNestedLoops\Problem 01. NNestedLoops.csproj", "{B33F0492-6E62-4342-A5E8-FFCE119C2190}"
EndProject
Project("{FAE04EC0-301F-11D3-BF4B-00C04F79EFBC}") = "Problem 02. Combinations", "Problem 02. Combinations\Problem 02. Combinations.csproj", "{26691549-AD2E-414B-977F-BD2DECF749A7}"
EndProject
Project("{FAE04EC0-301F-11D3-BF4B-00C04F79EFBC}") = "Problem 03. CombinationsWithoutDuplicates", "Problem 03. CombinationsWithoutDuplicates\Problem 03. CombinationsWithoutDuplicates.csproj", "{59E20397-9777-4850-BA0B-FF0865B104CC}"
EndProject
Project("{FAE04EC0-301F-11D3-BF4B-00C04F79EFBC}") = "Problem 04. PermutationGenerator", "Problem 04. PermutationGenerator\Problem 04. PermutationGenerator.csproj", "{E3FF5535-68AA-4508-AE9A-452B60004B5D}"
EndProject
Project("{FAE04EC0-301F-11D3-BF4B-00C04F79EFBC}") = "Problem 05. OrderedKElementSubsets", "Problem 05. OrderedKElementSubsets\Problem 05. OrderedKElementSubsets.csproj", "{BE5639DA-4871-4210-9D1E-A0C12D44C585}"
EndProject
Project("{FAE04EC0-301F-11D3-BF4B-00C04F79EFBC}") = "Problem 06. StringSubsets", "Problem 06. StringSubsets\Problem 06. StringSubsets.csproj", "{F18A9379-554B-4812-8F2D-4B6A0B842C12}"
EndProject
Project("{FAE04EC0-301F-11D3-BF4B-00C04F79EFBC}") = "Problem 07. PathsInMatrix", "Problem 07. PathsInMatrix\Problem 07. PathsInMatrix.csproj", "{5F2C02F4-8F4B-4B63-BE28-0C8B1939D469}"
EndProject
Project("{FAE04EC0-301F-11D3-BF4B-00C04F79EFBC}") = "Problem 08. CheckIfPathExists", "Problem 08. CheckIfPathExists\Problem 08. CheckIfPathExists.csproj", "{972C7253-16E0-481C-89D6-84A6E5C6DF16}"
EndProject
Project("{FAE04EC0-301F-11D3-BF4B-00C04F79EFBC}") = "Problem 09. FindLargestArea", "Problem 09. FindLargestArea\Problem 09. FindLargestArea.csproj", "{B8E66C6C-F1FE-4EB8-976C-BA3F295BCAAD}"
EndProject
Global
	GlobalSection(SolutionConfigurationPlatforms) = preSolution
		Debug|Any CPU = Debug|Any CPU
		Release|Any CPU = Release|Any CPU
	EndGlobalSection
	GlobalSection(ProjectConfigurationPlatforms) = postSolution
		{B33F0492-6E62-4342-A5E8-FFCE119C2190}.Debug|Any CPU.ActiveCfg = Debug|Any CPU
		{B33F0492-6E62-4342-A5E8-FFCE119C2190}.Debug|Any CPU.Build.0 = Debug|Any CPU
		{B33F0492-6E62-4342-A5E8-FFCE119C2190}.Release|Any CPU.ActiveCfg = Release|Any CPU
		{B33F0492-6E62-4342-A5E8-FFCE119C2190}.Release|Any CPU.Build.0 = Release|Any CPU
		{26691549-AD2E-414B-977F-BD2DECF749A7}.Debug|Any CPU.ActiveCfg = Debug|Any CPU
		{26691549-AD2E-414B-977F-BD2DECF749A7}.Debug|Any CPU.Build.0 = Debug|Any CPU
		{26691549-AD2E-414B-977F-BD2DECF749A7}.Release|Any CPU.ActiveCfg = Release|Any CPU
		{26691549-AD2E-414B-977F-BD2DECF749A7}.Release|Any CPU.Build.0 = Release|Any CPU
		{59E20397-9777-4850-BA0B-FF0865B104CC}.Debug|Any CPU.ActiveCfg = Debug|Any CPU
		{59E20397-9777-4850-BA0B-FF0865B104CC}.Debug|Any CPU.Build.0 = Debug|Any CPU
		{59E20397-9777-4850-BA0B-FF0865B104CC}.Release|Any CPU.ActiveCfg = Release|Any CPU
		{59E20397-9777-4850-BA0B-FF0865B104CC}.Release|Any CPU.Build.0 = Release|Any CPU
		{E3FF5535-68AA-4508-AE9A-452B60004B5D}.Debug|Any CPU.ActiveCfg = Debug|Any CPU
		{E3FF5535-68AA-4508-AE9A-452B60004B5D}.Debug|Any CPU.Build.0 = Debug|Any CPU
		{E3FF5535-68AA-4508-AE9A-452B60004B5D}.Release|Any CPU.ActiveCfg = Release|Any CPU
		{E3FF5535-68AA-4508-AE9A-452B60004B5D}.Release|Any CPU.Build.0 = Release|Any CPU
		{BE5639DA-4871-4210-9D1E-A0C12D44C585}.Debug|Any CPU.ActiveCfg = Debug|Any CPU
		{BE5639DA-4871-4210-9D1E-A0C12D44C585}.Debug|Any CPU.Build.0 = Debug|Any CPU
		{BE5639DA-4871-4210-9D1E-A0C12D44C585}.Release|Any CPU.ActiveCfg = Release|Any CPU
		{BE5639DA-4871-4210-9D1E-A0C12D44C585}.Release|Any CPU.Build.0 = Release|Any CPU
		{F18A9379-554B-4812-8F2D-4B6A0B842C12}.Debug|Any CPU.ActiveCfg = Debug|Any CPU
		{F18A9379-554B-4812-8F2D-4B6A0B842C12}.Debug|Any CPU.Build.0 = Debug|Any CPU
		{F18A9379-554B-4812-8F2D-4B6A0B842C12}.Release|Any CPU.ActiveCfg = Release|Any CPU
		{F18A9379-554B-4812-8F2D-4B6A0B842C12}.Release|Any CPU.Build.0 = Release|Any CPU
		{5F2C02F4-8F4B-4B63-BE28-0C8B1939D469}.Debug|Any CPU.ActiveCfg = Debug|Any CPU
		{5F2C02F4-8F4B-4B63-BE28-0C8B1939D469}.Debug|Any CPU.Build.0 = Debug|Any CPU
		{5F2C02F4-8F4B-4B63-BE28-0C8B1939D469}.Release|Any CPU.ActiveCfg = Release|Any CPU
		{5F2C02F4-8F4B-4B63-BE28-0C8B1939D469}.Release|Any CPU.Build.0 = Release|Any CPU
		{972C7253-16E0-481C-89D6-84A6E5C6DF16}.Debug|Any CPU.ActiveCfg = Debug|Any CPU
		{972C7253-16E0-481C-89D6-84A6E5C6DF16}.Debug|Any CPU.Build.0 = Debug|Any CPU
		{972C7253-16E0-481C-89D6-84A6E5C6DF16}.Release|Any CPU.ActiveCfg = Release|Any CPU
		{972C7253-16E0-481C-89D6-84A6E5C6DF16}.Release|Any CPU.Build.0 = Release|Any CPU
		{B8E66C6C-F1FE-4EB8-976C-BA3F295BCAAD}.Debug|Any CPU.ActiveCfg = Debug|Any CPU
		{B8E66C6C-F1FE-4EB8-976C-BA3F295BCAAD}.Debug|Any CPU.Build.0 = Debug|Any CPU
		{B8E66C6C-F1FE-4EB8-976C-BA3F295BCAAD}.Release|Any CPU.ActiveCfg = Release|Any CPU
		{B8E66C6C-F1FE-4EB8-976C-BA3F295BCAAD}.Release|Any CPU.Build.0 = Release|Any CPU
	EndGlobalSection
	GlobalSection(SolutionProperties) = preSolution
		HideSolutionNode = FALSE
	EndGlobalSection
EndGlobal
